# This file is automatically @generated by Poetry 1.7.1 and should not be changed by hand.

[[package]]
name = "unidiff"
version = "0.7.5"
description = "Unified diff parsing/metadata extraction library."
optional = false
python-versions = "*"
files = [
    {file = "unidiff-0.7.5-py2.py3-none-any.whl", hash = "sha256:c93bf2265cc1ba2a520e415ab05da587370bc2a3ae9e0414329f54f0c2fc09e8"},
    {file = "unidiff-0.7.5.tar.gz", hash = "sha256:2e5f0162052248946b9f0970a40e9e124236bf86c82b70821143a6fc1dea2574"},
]

[metadata]
lock-version = "2.0"
python-versions = "^3.8"
content-hash = "ca1dbf1953f123bb81407e1f9701501155fe71ac3cca29efff57b00ba14b7fb9"
